<?xml version="1.0" encoding="utf-8"?>
<Project ToolsVersion="4.0" xmlns="http://schemas.microsoft.com/developer/msbuild/2003">
  <ItemGroup>
    <Filter Include="Source Files">
      <UniqueIdentifier>{4FC737F1-C7A5-4376-A066-2A32D752A2FF}</UniqueIdentifier>
      <Extensions>cpp;c;cc;cxx;c++;cppm;ixx;def;odl;idl;hpj;bat;asm;asmx</Extensions>
    </Filter>
    <Filter Include="Header Files">
      <UniqueIdentifier>{93995380-89BD-4b04-88EB-625FBE52EBFB}</UniqueIdentifier>
      <Extensions>h;hh;hpp;hxx;h++;hm;inl;inc;ipp;xsd</Extensions>
    </Filter>
    <Filter Include="Resource Files">
      <UniqueIdentifier>{67DA6AB6-F800-4c08-8B7A-83BB121AAD01}</UniqueIdentifier>
      <Extensions>rc;ico;cur;bmp;dlg;rc2;rct;bin;rgs;gif;jpg;jpeg;jpe;resx;tiff;tif;png;wav;mfcribbon-ms</Extensions>
    </Filter>
  </ItemGroup>
  <ItemGroup>
    <ClCompile Include="Chapter15.cpp">
      <Filter>Source Files</Filter>
    </ClCompile>
    <ClCompile Include="treeArrtoTree.cpp">
      <Filter>Source Files</Filter>
    </ClCompile>
    <ClCompile Include="printInorderTraversalcpp.cpp">
      <Filter>Source Files</Filter>
    </ClCompile>
    <ClCompile Include="printPreorderTraversal.cpp">
      <Filter>Source Files</Filter>
    </ClCompile>
    <ClCompile Include="printPostorderTraversal.cpp">
      <Filter>Source Files</Filter>
    </ClCompile>
    <ClCompile Include="heightTree.cpp">
      <Filter>Source Files</Filter>
    </ClCompile>
    <ClCompile Include="printNodesKDist.cpp">
      <Filter>Source Files</Filter>
    </ClCompile>
    <ClCompile Include="printLevelOrderTraversal.cpp">
      <Filter>Source Files</Filter>
    </ClCompile>
    <ClCompile Include="levelOrderTraversalLinebyLine.cpp">
      <Filter>Source Files</Filter>
    </ClCompile>
    <ClCompile Include="sizeTree.cpp">
      <Filter>Source Files</Filter>
    </ClCompile>
    <ClCompile Include="maxinTree.cpp">
      <Filter>Source Files</Filter>
    </ClCompile>
    <ClCompile Include="printleftViewTree.cpp">
      <Filter>Source Files</Filter>
    </ClCompile>
    <ClCompile Include="childremSumProperty.cpp">
      <Filter>Source Files</Filter>
    </ClCompile>
    <ClCompile Include="checkBalanceHeightTree.cpp">
      <Filter>Source Files</Filter>
    </ClCompile>
    <ClCompile Include="maxWidthTree.cpp">
      <Filter>Source Files</Filter>
    </ClCompile>
    <ClCompile Include="treeToDLLcpp.cpp">
      <Filter>Source Files</Filter>
    </ClCompile>
    <ClCompile Include="constructBinaryTreeInPrecpp.cpp">
      <Filter>Source Files</Filter>
    </ClCompile>
    <ClCompile Include="treeTraversalSpiral.cpp">
      <Filter>Source Files</Filter>
    </ClCompile>
    <ClCompile Include="diameterBT.cpp">
      <Filter>Source Files</Filter>
    </ClCompile>
  </ItemGroup>
  <ItemGroup>
    <ClInclude Include="Header.h">
      <Filter>Header Files</Filter>
    </ClInclude>
  </ItemGroup>
</Project>